
Microsoft Visual Studio Solution File, Format Version 12.00
# Visual Studio Version 17
VisualStudioVersion = 17.7.34031.279
MinimumVisualStudioVersion = 10.0.40219.1
Project("{FAE04EC0-301F-11D3-BF4B-00C04F79EFBC}") = "Sup2Market CLI", "Sup2Market CLI\Sup2Market CLI.csproj", "{8E0ECA3C-B609-4D62-8617-BCD27A6B1F4E}"
EndProject
Global
	GlobalSection(SolutionConfigurationPlatforms) = preSolution
		Debug|Any CPU = Debug|Any CPU
		Release|Any CPU = Release|Any CPU
	EndGlobalSection
	GlobalSection(ProjectConfigurationPlatforms) = postSolution
		{8E0ECA3C-B609-4D62-8617-BCD27A6B1F4E}.Debug|Any CPU.ActiveCfg = Debug|Any CPU
		{8E0ECA3C-B609-4D62-8617-BCD27A6B1F4E}.Debug|Any CPU.Build.0 = Debug|Any CPU
		{8E0ECA3C-B609-4D62-8617-BCD27A6B1F4E}.Release|Any CPU.ActiveCfg = Release|Any CPU
		{8E0ECA3C-B609-4D62-8617-BCD27A6B1F4E}.Release|Any CPU.Build.0 = Release|Any CPU
	EndGlobalSection
	GlobalSection(SolutionProperties) = preSolution
		HideSolutionNode = FALSE
	EndGlobalSection
	GlobalSection(ExtensibilityGlobals) = postSolution
		SolutionGuid = {2AEF79C7-2FEC-4FAA-A10C-2C4C129634DC}
	EndGlobalSection
EndGlobal
